
Microsoft Visual Studio Solution File, Format Version 12.00
# Visual Studio 2013
VisualStudioVersion = 12.0.40629.0
MinimumVisualStudioVersion = 10.0.40219.1
Project("{FAE04EC0-301F-11D3-BF4B-00C04F79EFBC}") = "SampleTc", "SampleTc\SampleTc.csproj", "{4C8F2EFA-CCFC-40A9-8EDC-502DC0A9517D}"
EndProject
Project("{54435603-DBB4-11D2-8724-00A0C9A8B90C}") = "SampleTcSetupProject", "SampleTcSetupProject\SampleTcSetupProject.vdproj", "{200DFEBC-B70C-4231-91E5-6FD666295967}"
EndProject
Global
	GlobalSection(SolutionConfigurationPlatforms) = preSolution
		Debug|Any CPU = Debug|Any CPU
		Release|Any CPU = Release|Any CPU
	EndGlobalSection
	GlobalSection(ProjectConfigurationPlatforms) = postSolution
		{4C8F2EFA-CCFC-40A9-8EDC-502DC0A9517D}.Debug|Any CPU.ActiveCfg = Debug|Any CPU
		{4C8F2EFA-CCFC-40A9-8EDC-502DC0A9517D}.Debug|Any CPU.Build.0 = Debug|Any CPU
		{4C8F2EFA-CCFC-40A9-8EDC-502DC0A9517D}.Release|Any CPU.ActiveCfg = Release|Any CPU
		{4C8F2EFA-CCFC-40A9-8EDC-502DC0A9517D}.Release|Any CPU.Build.0 = Release|Any CPU
		{200DFEBC-B70C-4231-91E5-6FD666295967}.Debug|Any CPU.ActiveCfg = Debug
		{200DFEBC-B70C-4231-91E5-6FD666295967}.Release|Any CPU.ActiveCfg = Release
	EndGlobalSection
	GlobalSection(SolutionProperties) = preSolution
		HideSolutionNode = FALSE
	EndGlobalSection
EndGlobal
